
Microsoft Visual Studio Solution File, Format Version 12.00
# Visual Studio 15
VisualStudioVersion = 15.0.27130.2010
MinimumVisualStudioVersion = 10.0.40219.1
Project("{FAE04EC0-301F-11D3-BF4B-00C04F79EFBC}") = "Stack_right_version", "Stack_right_version\Stack_right_version.csproj", "{23EC7E58-A8A0-4FB6-939E-159EE6136C57}"
EndProject
Global
	GlobalSection(SolutionConfigurationPlatforms) = preSolution
		Debug|Any CPU = Debug|Any CPU
		Release|Any CPU = Release|Any CPU
	EndGlobalSection
	GlobalSection(ProjectConfigurationPlatforms) = postSolution
		{23EC7E58-A8A0-4FB6-939E-159EE6136C57}.Debug|Any CPU.ActiveCfg = Debug|Any CPU
		{23EC7E58-A8A0-4FB6-939E-159EE6136C57}.Debug|Any CPU.Build.0 = Debug|Any CPU
		{23EC7E58-A8A0-4FB6-939E-159EE6136C57}.Release|Any CPU.ActiveCfg = Release|Any CPU
		{23EC7E58-A8A0-4FB6-939E-159EE6136C57}.Release|Any CPU.Build.0 = Release|Any CPU
	EndGlobalSection
	GlobalSection(SolutionProperties) = preSolution
		HideSolutionNode = FALSE
	EndGlobalSection
	GlobalSection(ExtensibilityGlobals) = postSolution
		SolutionGuid = {49F3479F-6B72-41B2-BCC2-EF18CBE4BE17}
	EndGlobalSection
EndGlobal
